
Microsoft Visual Studio Solution File, Format Version 12.00
# Visual Studio Version 17
VisualStudioVersion = 17.5.002.0
MinimumVisualStudioVersion = 10.0.40219.1
Project("{9A19103F-16F7-4668-BE54-9A1E7A4F7556}") = "OrderService", "OrderService\OrderService.csproj", "{E1C33454-398C-414B-9547-AAD629677FB8}"
EndProject
Project("{9A19103F-16F7-4668-BE54-9A1E7A4F7556}") = "ProcessingService", "ProcessingService\ProcessingService.csproj", "{BEB7DA76-234F-49CF-B4D0-B2555D005AB1}"
EndProject
Global
	GlobalSection(SolutionConfigurationPlatforms) = preSolution
		Debug|Any CPU = Debug|Any CPU
		Release|Any CPU = Release|Any CPU
	EndGlobalSection
	GlobalSection(ProjectConfigurationPlatforms) = postSolution
		{E1C33454-398C-414B-9547-AAD629677FB8}.Debug|Any CPU.ActiveCfg = Debug|Any CPU
		{E1C33454-398C-414B-9547-AAD629677FB8}.Debug|Any CPU.Build.0 = Debug|Any CPU
		{E1C33454-398C-414B-9547-AAD629677FB8}.Release|Any CPU.ActiveCfg = Release|Any CPU
		{E1C33454-398C-414B-9547-AAD629677FB8}.Release|Any CPU.Build.0 = Release|Any CPU
		{BEB7DA76-234F-49CF-B4D0-B2555D005AB1}.Debug|Any CPU.ActiveCfg = Debug|Any CPU
		{BEB7DA76-234F-49CF-B4D0-B2555D005AB1}.Debug|Any CPU.Build.0 = Debug|Any CPU
		{BEB7DA76-234F-49CF-B4D0-B2555D005AB1}.Release|Any CPU.ActiveCfg = Release|Any CPU
		{BEB7DA76-234F-49CF-B4D0-B2555D005AB1}.Release|Any CPU.Build.0 = Release|Any CPU
	EndGlobalSection
	GlobalSection(SolutionProperties) = preSolution
		HideSolutionNode = FALSE
	EndGlobalSection
	GlobalSection(ExtensibilityGlobals) = postSolution
		SolutionGuid = {EFE143A8-9F93-4367-8DDC-D621F80EA09F}
	EndGlobalSection
EndGlobal
